
Microsoft Visual Studio Solution File, Format Version 12.00
# Visual Studio Version 16
VisualStudioVersion = 16.0.31424.327
MinimumVisualStudioVersion = 10.0.40219.1
Project("{FAE04EC0-301F-11D3-BF4B-00C04F79EFBC}") = "Task6", "Task6\Task6.csproj", "{137CB52E-6788-486C-A643-FE14AB20A1A0}"
EndProject
Global
	GlobalSection(SolutionConfigurationPlatforms) = preSolution
		Debug|Any CPU = Debug|Any CPU
		Release|Any CPU = Release|Any CPU
	EndGlobalSection
	GlobalSection(ProjectConfigurationPlatforms) = postSolution
		{137CB52E-6788-486C-A643-FE14AB20A1A0}.Debug|Any CPU.ActiveCfg = Debug|Any CPU
		{137CB52E-6788-486C-A643-FE14AB20A1A0}.Debug|Any CPU.Build.0 = Debug|Any CPU
		{137CB52E-6788-486C-A643-FE14AB20A1A0}.Release|Any CPU.ActiveCfg = Release|Any CPU
		{137CB52E-6788-486C-A643-FE14AB20A1A0}.Release|Any CPU.Build.0 = Release|Any CPU
	EndGlobalSection
	GlobalSection(SolutionProperties) = preSolution
		HideSolutionNode = FALSE
	EndGlobalSection
	GlobalSection(ExtensibilityGlobals) = postSolution
		SolutionGuid = {2775E35C-9ACF-4EFA-A157-F9672ADE9EFE}
	EndGlobalSection
EndGlobal
